
Microsoft Visual Studio Solution File, Format Version 12.00
# Visual Studio Version 16
VisualStudioVersion = 16.0.33801.447
MinimumVisualStudioVersion = 10.0.40219.1
Project("{FAE04EC0-301F-11D3-BF4B-00C04F79EFBC}") = "StudentEx", "StudentEx.csproj", "{FBFB1EEA-9848-42F3-B5BB-1F25D2B78A61}"
EndProject
Global
	GlobalSection(SolutionConfigurationPlatforms) = preSolution
		Debug|Any CPU = Debug|Any CPU
		Release|Any CPU = Release|Any CPU
	EndGlobalSection
	GlobalSection(ProjectConfigurationPlatforms) = postSolution
		{FBFB1EEA-9848-42F3-B5BB-1F25D2B78A61}.Debug|Any CPU.ActiveCfg = Debug|Any CPU
		{FBFB1EEA-9848-42F3-B5BB-1F25D2B78A61}.Debug|Any CPU.Build.0 = Debug|Any CPU
		{FBFB1EEA-9848-42F3-B5BB-1F25D2B78A61}.Release|Any CPU.ActiveCfg = Release|Any CPU
		{FBFB1EEA-9848-42F3-B5BB-1F25D2B78A61}.Release|Any CPU.Build.0 = Release|Any CPU
	EndGlobalSection
	GlobalSection(SolutionProperties) = preSolution
		HideSolutionNode = FALSE
	EndGlobalSection
	GlobalSection(ExtensibilityGlobals) = postSolution
		SolutionGuid = {B05CB42E-7B62-4A30-98B4-98EE54B91B20}
	EndGlobalSection
EndGlobal
